
Microsoft Visual Studio Solution File, Format Version 12.00
# Visual Studio Version 17
VisualStudioVersion = 17.2.32526.322
MinimumVisualStudioVersion = 10.0.40219.1
Project("{FAE04EC0-301F-11D3-BF4B-00C04F79EFBC}") = "ExerciciosSET", "ExerciciosSET\ExerciciosSET.csproj", "{778CC546-E715-4A7E-B53B-43C9FA3FA1A5}"
EndProject
Global
	GlobalSection(SolutionConfigurationPlatforms) = preSolution
		Debug|Any CPU = Debug|Any CPU
		Release|Any CPU = Release|Any CPU
	EndGlobalSection
	GlobalSection(ProjectConfigurationPlatforms) = postSolution
		{778CC546-E715-4A7E-B53B-43C9FA3FA1A5}.Debug|Any CPU.ActiveCfg = Debug|Any CPU
		{778CC546-E715-4A7E-B53B-43C9FA3FA1A5}.Debug|Any CPU.Build.0 = Debug|Any CPU
		{778CC546-E715-4A7E-B53B-43C9FA3FA1A5}.Release|Any CPU.ActiveCfg = Release|Any CPU
		{778CC546-E715-4A7E-B53B-43C9FA3FA1A5}.Release|Any CPU.Build.0 = Release|Any CPU
	EndGlobalSection
	GlobalSection(SolutionProperties) = preSolution
		HideSolutionNode = FALSE
	EndGlobalSection
	GlobalSection(ExtensibilityGlobals) = postSolution
		SolutionGuid = {513929B2-4B7B-4B8E-B2A1-BD2523360D3F}
	EndGlobalSection
EndGlobal
