
Microsoft Visual Studio Solution File, Format Version 12.00
# Visual Studio Version 17
VisualStudioVersion = 17.2.32526.322
MinimumVisualStudioVersion = 10.0.40219.1
Project("{9A19103F-16F7-4668-BE54-9A1E7A4F7556}") = "ExercicioGenerics", "ExercicioGenerics\ExercicioGenerics.csproj", "{0C36BA16-9E26-44CA-9D3F-9BB2EA05E71A}"
EndProject
Project("{FAE04EC0-301F-11D3-BF4B-00C04F79EFBC}") = "ExercicioTypeSafety", "ExercicioTypeSafety\ExercicioTypeSafety.csproj", "{C5532539-C51B-4022-AA1C-5D8F6AFA3EF1}"
EndProject
Global
	GlobalSection(SolutionConfigurationPlatforms) = preSolution
		Debug|Any CPU = Debug|Any CPU
		Release|Any CPU = Release|Any CPU
	EndGlobalSection
	GlobalSection(ProjectConfigurationPlatforms) = postSolution
		{0C36BA16-9E26-44CA-9D3F-9BB2EA05E71A}.Debug|Any CPU.ActiveCfg = Debug|Any CPU
		{0C36BA16-9E26-44CA-9D3F-9BB2EA05E71A}.Debug|Any CPU.Build.0 = Debug|Any CPU
		{0C36BA16-9E26-44CA-9D3F-9BB2EA05E71A}.Release|Any CPU.ActiveCfg = Release|Any CPU
		{0C36BA16-9E26-44CA-9D3F-9BB2EA05E71A}.Release|Any CPU.Build.0 = Release|Any CPU
		{C5532539-C51B-4022-AA1C-5D8F6AFA3EF1}.Debug|Any CPU.ActiveCfg = Debug|Any CPU
		{C5532539-C51B-4022-AA1C-5D8F6AFA3EF1}.Debug|Any CPU.Build.0 = Debug|Any CPU
		{C5532539-C51B-4022-AA1C-5D8F6AFA3EF1}.Release|Any CPU.ActiveCfg = Release|Any CPU
		{C5532539-C51B-4022-AA1C-5D8F6AFA3EF1}.Release|Any CPU.Build.0 = Release|Any CPU
	EndGlobalSection
	GlobalSection(SolutionProperties) = preSolution
		HideSolutionNode = FALSE
	EndGlobalSection
	GlobalSection(ExtensibilityGlobals) = postSolution
		SolutionGuid = {7D217732-2B66-4485-B8F1-523550A1F842}
	EndGlobalSection
EndGlobal
