
Microsoft Visual Studio Solution File, Format Version 12.00
# Visual Studio Version 17
VisualStudioVersion = 17.2.32526.322
MinimumVisualStudioVersion = 10.0.40219.1
Project("{FAE04EC0-301F-11D3-BF4B-00C04F79EFBC}") = "Exercicio-Matriz", "Exercicio-Matriz\Exercicio-Matriz.csproj", "{4F1746C6-3475-4D82-95BC-420D048DEFD4}"
EndProject
Project("{FAE04EC0-301F-11D3-BF4B-00C04F79EFBC}") = "Exercicio2", "Exercicio2\Exercicio2.csproj", "{4D350266-0340-454F-9E6B-302BF80F77BA}"
EndProject
Global
	GlobalSection(SolutionConfigurationPlatforms) = preSolution
		Debug|Any CPU = Debug|Any CPU
		Release|Any CPU = Release|Any CPU
	EndGlobalSection
	GlobalSection(ProjectConfigurationPlatforms) = postSolution
		{4F1746C6-3475-4D82-95BC-420D048DEFD4}.Debug|Any CPU.ActiveCfg = Debug|Any CPU
		{4F1746C6-3475-4D82-95BC-420D048DEFD4}.Debug|Any CPU.Build.0 = Debug|Any CPU
		{4F1746C6-3475-4D82-95BC-420D048DEFD4}.Release|Any CPU.ActiveCfg = Release|Any CPU
		{4F1746C6-3475-4D82-95BC-420D048DEFD4}.Release|Any CPU.Build.0 = Release|Any CPU
		{4D350266-0340-454F-9E6B-302BF80F77BA}.Debug|Any CPU.ActiveCfg = Debug|Any CPU
		{4D350266-0340-454F-9E6B-302BF80F77BA}.Debug|Any CPU.Build.0 = Debug|Any CPU
		{4D350266-0340-454F-9E6B-302BF80F77BA}.Release|Any CPU.ActiveCfg = Release|Any CPU
		{4D350266-0340-454F-9E6B-302BF80F77BA}.Release|Any CPU.Build.0 = Release|Any CPU
	EndGlobalSection
	GlobalSection(SolutionProperties) = preSolution
		HideSolutionNode = FALSE
	EndGlobalSection
	GlobalSection(ExtensibilityGlobals) = postSolution
		SolutionGuid = {03746DF3-E4C6-4929-BC49-521C3BF48CB3}
	EndGlobalSection
EndGlobal
