
Microsoft Visual Studio Solution File, Format Version 12.00
# Visual Studio Version 17
VisualStudioVersion = 17.2.32526.322
MinimumVisualStudioVersion = 10.0.40219.1
Project("{9A19103F-16F7-4668-BE54-9A1E7A4F7556}") = "Exercicios-Parte2", "Exercicios-Parte2\Exercicios-Parte2.csproj", "{A0C8CBB8-73F5-41BB-B123-E414A8DBD541}"
EndProject
Project("{9A19103F-16F7-4668-BE54-9A1E7A4F7556}") = "Exercicio2", "Exercicio2\Exercicio2.csproj", "{7E0BBE04-ADA9-4DD4-A922-0F7B1EEEEEF3}"
EndProject
Project("{9A19103F-16F7-4668-BE54-9A1E7A4F7556}") = "Exercicios3", "Exercicios3\Exercicios3.csproj", "{17F7222D-81A1-4B55-9464-06D974C1AE40}"
EndProject
Project("{9A19103F-16F7-4668-BE54-9A1E7A4F7556}") = "Exercicio4", "Exercicio4\Exercicio4.csproj", "{2E818473-A668-4B6D-BAC8-C67B0B6264F4}"
EndProject
Project("{FAE04EC0-301F-11D3-BF4B-00C04F79EFBC}") = "Exercicio5", "Exercicio5\Exercicio5.csproj", "{69981D9F-432E-4EBF-BFC8-C483D03412B1}"
EndProject
Project("{FAE04EC0-301F-11D3-BF4B-00C04F79EFBC}") = "Exercicio6", "Exercicio6\Exercicio6.csproj", "{680B99EC-C1BB-44E0-8795-4407FAAC13AE}"
EndProject
Project("{FAE04EC0-301F-11D3-BF4B-00C04F79EFBC}") = "Exercicio7", "Exercicio7\Exercicio7.csproj", "{AB7C4D7E-2150-45D6-8FBB-9223C7DEC0A7}"
EndProject
Project("{FAE04EC0-301F-11D3-BF4B-00C04F79EFBC}") = "Exercicio8", "Exercicio8\Exercicio8.csproj", "{CDE2E010-C76D-47A9-ABB7-E251D4FCB90B}"
EndProject
Global
	GlobalSection(SolutionConfigurationPlatforms) = preSolution
		Debug|Any CPU = Debug|Any CPU
		Release|Any CPU = Release|Any CPU
	EndGlobalSection
	GlobalSection(ProjectConfigurationPlatforms) = postSolution
		{A0C8CBB8-73F5-41BB-B123-E414A8DBD541}.Debug|Any CPU.ActiveCfg = Debug|Any CPU
		{A0C8CBB8-73F5-41BB-B123-E414A8DBD541}.Debug|Any CPU.Build.0 = Debug|Any CPU
		{A0C8CBB8-73F5-41BB-B123-E414A8DBD541}.Release|Any CPU.ActiveCfg = Release|Any CPU
		{A0C8CBB8-73F5-41BB-B123-E414A8DBD541}.Release|Any CPU.Build.0 = Release|Any CPU
		{7E0BBE04-ADA9-4DD4-A922-0F7B1EEEEEF3}.Debug|Any CPU.ActiveCfg = Debug|Any CPU
		{7E0BBE04-ADA9-4DD4-A922-0F7B1EEEEEF3}.Debug|Any CPU.Build.0 = Debug|Any CPU
		{7E0BBE04-ADA9-4DD4-A922-0F7B1EEEEEF3}.Release|Any CPU.ActiveCfg = Release|Any CPU
		{7E0BBE04-ADA9-4DD4-A922-0F7B1EEEEEF3}.Release|Any CPU.Build.0 = Release|Any CPU
		{17F7222D-81A1-4B55-9464-06D974C1AE40}.Debug|Any CPU.ActiveCfg = Debug|Any CPU
		{17F7222D-81A1-4B55-9464-06D974C1AE40}.Debug|Any CPU.Build.0 = Debug|Any CPU
		{17F7222D-81A1-4B55-9464-06D974C1AE40}.Release|Any CPU.ActiveCfg = Release|Any CPU
		{17F7222D-81A1-4B55-9464-06D974C1AE40}.Release|Any CPU.Build.0 = Release|Any CPU
		{2E818473-A668-4B6D-BAC8-C67B0B6264F4}.Debug|Any CPU.ActiveCfg = Debug|Any CPU
		{2E818473-A668-4B6D-BAC8-C67B0B6264F4}.Debug|Any CPU.Build.0 = Debug|Any CPU
		{2E818473-A668-4B6D-BAC8-C67B0B6264F4}.Release|Any CPU.ActiveCfg = Release|Any CPU
		{2E818473-A668-4B6D-BAC8-C67B0B6264F4}.Release|Any CPU.Build.0 = Release|Any CPU
		{69981D9F-432E-4EBF-BFC8-C483D03412B1}.Debug|Any CPU.ActiveCfg = Debug|Any CPU
		{69981D9F-432E-4EBF-BFC8-C483D03412B1}.Debug|Any CPU.Build.0 = Debug|Any CPU
		{69981D9F-432E-4EBF-BFC8-C483D03412B1}.Release|Any CPU.ActiveCfg = Release|Any CPU
		{69981D9F-432E-4EBF-BFC8-C483D03412B1}.Release|Any CPU.Build.0 = Release|Any CPU
		{680B99EC-C1BB-44E0-8795-4407FAAC13AE}.Debug|Any CPU.ActiveCfg = Debug|Any CPU
		{680B99EC-C1BB-44E0-8795-4407FAAC13AE}.Debug|Any CPU.Build.0 = Debug|Any CPU
		{680B99EC-C1BB-44E0-8795-4407FAAC13AE}.Release|Any CPU.ActiveCfg = Release|Any CPU
		{680B99EC-C1BB-44E0-8795-4407FAAC13AE}.Release|Any CPU.Build.0 = Release|Any CPU
		{AB7C4D7E-2150-45D6-8FBB-9223C7DEC0A7}.Debug|Any CPU.ActiveCfg = Debug|Any CPU
		{AB7C4D7E-2150-45D6-8FBB-9223C7DEC0A7}.Debug|Any CPU.Build.0 = Debug|Any CPU
		{AB7C4D7E-2150-45D6-8FBB-9223C7DEC0A7}.Release|Any CPU.ActiveCfg = Release|Any CPU
		{AB7C4D7E-2150-45D6-8FBB-9223C7DEC0A7}.Release|Any CPU.Build.0 = Release|Any CPU
		{CDE2E010-C76D-47A9-ABB7-E251D4FCB90B}.Debug|Any CPU.ActiveCfg = Debug|Any CPU
		{CDE2E010-C76D-47A9-ABB7-E251D4FCB90B}.Debug|Any CPU.Build.0 = Debug|Any CPU
		{CDE2E010-C76D-47A9-ABB7-E251D4FCB90B}.Release|Any CPU.ActiveCfg = Release|Any CPU
		{CDE2E010-C76D-47A9-ABB7-E251D4FCB90B}.Release|Any CPU.Build.0 = Release|Any CPU
	EndGlobalSection
	GlobalSection(SolutionProperties) = preSolution
		HideSolutionNode = FALSE
	EndGlobalSection
	GlobalSection(ExtensibilityGlobals) = postSolution
		SolutionGuid = {71A9D72D-92A8-4391-9249-4344B31E1E7E}
	EndGlobalSection
EndGlobal
