
Microsoft Visual Studio Solution File, Format Version 12.00
# Visual Studio Version 17
VisualStudioVersion = 17.2.32526.322
MinimumVisualStudioVersion = 10.0.40219.1
Project("{9A19103F-16F7-4668-BE54-9A1E7A4F7556}") = "Exercicio-5", "Exercicio-5\Exercicio-5.csproj", "{AEB1EF3C-1AFD-4E31-981A-EF8F8447B2C8}"
EndProject
Project("{FAE04EC0-301F-11D3-BF4B-00C04F79EFBC}") = "Exercicio2", "Exercicio2\Exercicio2.csproj", "{A24E4453-9C74-45F7-98A8-062BA09FA732}"
EndProject
Global
	GlobalSection(SolutionConfigurationPlatforms) = preSolution
		Debug|Any CPU = Debug|Any CPU
		Release|Any CPU = Release|Any CPU
	EndGlobalSection
	GlobalSection(ProjectConfigurationPlatforms) = postSolution
		{AEB1EF3C-1AFD-4E31-981A-EF8F8447B2C8}.Debug|Any CPU.ActiveCfg = Debug|Any CPU
		{AEB1EF3C-1AFD-4E31-981A-EF8F8447B2C8}.Debug|Any CPU.Build.0 = Debug|Any CPU
		{AEB1EF3C-1AFD-4E31-981A-EF8F8447B2C8}.Release|Any CPU.ActiveCfg = Release|Any CPU
		{AEB1EF3C-1AFD-4E31-981A-EF8F8447B2C8}.Release|Any CPU.Build.0 = Release|Any CPU
		{A24E4453-9C74-45F7-98A8-062BA09FA732}.Debug|Any CPU.ActiveCfg = Debug|Any CPU
		{A24E4453-9C74-45F7-98A8-062BA09FA732}.Debug|Any CPU.Build.0 = Debug|Any CPU
		{A24E4453-9C74-45F7-98A8-062BA09FA732}.Release|Any CPU.ActiveCfg = Release|Any CPU
		{A24E4453-9C74-45F7-98A8-062BA09FA732}.Release|Any CPU.Build.0 = Release|Any CPU
	EndGlobalSection
	GlobalSection(SolutionProperties) = preSolution
		HideSolutionNode = FALSE
	EndGlobalSection
	GlobalSection(ExtensibilityGlobals) = postSolution
		SolutionGuid = {DAB2E957-064B-4418-A143-047C4EBAEB34}
	EndGlobalSection
EndGlobal
