
Microsoft Visual Studio Solution File, Format Version 12.00
# Visual Studio Version 17
VisualStudioVersion = 17.2.32526.322
MinimumVisualStudioVersion = 10.0.40219.1
Project("{FAE04EC0-301F-11D3-BF4B-00C04F79EFBC}") = "ConsoleApp3", "ConsoleApp3\ConsoleApp3.csproj", "{05F1CF3A-60A7-4EA1-8C68-7CFC7CBEA37D}"
EndProject
Project("{FAE04EC0-301F-11D3-BF4B-00C04F79EFBC}") = "Exercicio2", "Exercicio2\Exercicio2.csproj", "{B2A69B1D-EF21-4A01-9264-3FC362D1FF84}"
EndProject
Project("{FAE04EC0-301F-11D3-BF4B-00C04F79EFBC}") = "Exercicio3", "Exercicio3\Exercicio3.csproj", "{297B2094-A447-43AD-9828-2F28E66D49E2}"
EndProject
Project("{FAE04EC0-301F-11D3-BF4B-00C04F79EFBC}") = "Exercicio4", "Exercicio4\Exercicio4.csproj", "{E60FA2F5-D0B3-4422-BF4B-D562B1840CA6}"
EndProject
Global
	GlobalSection(SolutionConfigurationPlatforms) = preSolution
		Debug|Any CPU = Debug|Any CPU
		Release|Any CPU = Release|Any CPU
	EndGlobalSection
	GlobalSection(ProjectConfigurationPlatforms) = postSolution
		{05F1CF3A-60A7-4EA1-8C68-7CFC7CBEA37D}.Debug|Any CPU.ActiveCfg = Debug|Any CPU
		{05F1CF3A-60A7-4EA1-8C68-7CFC7CBEA37D}.Debug|Any CPU.Build.0 = Debug|Any CPU
		{05F1CF3A-60A7-4EA1-8C68-7CFC7CBEA37D}.Release|Any CPU.ActiveCfg = Release|Any CPU
		{05F1CF3A-60A7-4EA1-8C68-7CFC7CBEA37D}.Release|Any CPU.Build.0 = Release|Any CPU
		{B2A69B1D-EF21-4A01-9264-3FC362D1FF84}.Debug|Any CPU.ActiveCfg = Debug|Any CPU
		{B2A69B1D-EF21-4A01-9264-3FC362D1FF84}.Debug|Any CPU.Build.0 = Debug|Any CPU
		{B2A69B1D-EF21-4A01-9264-3FC362D1FF84}.Release|Any CPU.ActiveCfg = Release|Any CPU
		{B2A69B1D-EF21-4A01-9264-3FC362D1FF84}.Release|Any CPU.Build.0 = Release|Any CPU
		{297B2094-A447-43AD-9828-2F28E66D49E2}.Debug|Any CPU.ActiveCfg = Debug|Any CPU
		{297B2094-A447-43AD-9828-2F28E66D49E2}.Debug|Any CPU.Build.0 = Debug|Any CPU
		{297B2094-A447-43AD-9828-2F28E66D49E2}.Release|Any CPU.ActiveCfg = Release|Any CPU
		{297B2094-A447-43AD-9828-2F28E66D49E2}.Release|Any CPU.Build.0 = Release|Any CPU
		{E60FA2F5-D0B3-4422-BF4B-D562B1840CA6}.Debug|Any CPU.ActiveCfg = Debug|Any CPU
		{E60FA2F5-D0B3-4422-BF4B-D562B1840CA6}.Debug|Any CPU.Build.0 = Debug|Any CPU
		{E60FA2F5-D0B3-4422-BF4B-D562B1840CA6}.Release|Any CPU.ActiveCfg = Release|Any CPU
		{E60FA2F5-D0B3-4422-BF4B-D562B1840CA6}.Release|Any CPU.Build.0 = Release|Any CPU
	EndGlobalSection
	GlobalSection(SolutionProperties) = preSolution
		HideSolutionNode = FALSE
	EndGlobalSection
	GlobalSection(ExtensibilityGlobals) = postSolution
		SolutionGuid = {1A4B9297-81B0-4D4A-985D-E7E080DEB196}
	EndGlobalSection
EndGlobal
